{
  "name": "box-intersect",
  "version": "1.0.2",
  "lockfileVersion": 1,
  "requires": true,
  "dependencies": {
    "array-shuffle": {
      "version": "1.0.0",
      "resolved": "https://registry.npmjs.org/array-shuffle/-/array-shuffle-1.0.0.tgz",
      "integrity": "sha1-wTP6c1hwmb13rRfLdi3X7kTZQVs=",
      "dev": true
    },
    "bit-twiddle": {
      "version": "1.0.2",
      "resolved": "https://registry.npmjs.org/bit-twiddle/-/bit-twiddle-1.0.2.tgz",
      "integrity": "sha1-DGwfq+KyPRcXPZpht7cJPrnhdp4="
    },
    "dup": {
      "version": "1.0.0",
      "resolved": "https://registry.npmjs.org/dup/-/dup-1.0.0.tgz",
      "integrity": "sha1-UfxaxoX4GWRp3wuQXpNLIK9bQCk="
    },
    "guarded-array": {
      "version": "1.0.0",
      "resolved": "https://registry.npmjs.org/guarded-array/-/guarded-array-1.0.0.tgz",
      "integrity": "sha1-+bHcTp+Z3d4w1XjjgLodofBqHts=",
      "dev": true
    },
    "iota-array": {
      "version": "1.0.0",
      "resolved": "https://registry.npmjs.org/iota-array/-/iota-array-1.0.0.tgz",
      "integrity": "sha1-ge9X/l0FgUzVjCSDYyqZwwoOgIc=",
      "dev": true
    },
    "tape": {
      "version": "3.5.0",
      "resolved": "https://registry.npmjs.org/tape/-/tape-3.5.0.tgz",
      "integrity": "sha1-rrsGE4gQStDLQHvoQnggSdZGJPg=",
      "dev": true,
      "requires": {
        "deep-equal": "0.2.2",
        "defined": "0.0.0",
        "glob": "3.2.11",
        "inherits": "2.0.1",
        "object-inspect": "0.4.0",
        "resumer": "0.0.0",
        "through": "2.3.7"
      },
      "dependencies": {
        "deep-equal": {
          "version": "0.2.2",
          "resolved": "https://registry.npmjs.org/deep-equal/-/deep-equal-0.2.2.tgz",
          "integrity": "sha1-hLdFiW80xoTpjyzg5Cq69Du6AX0=",
          "dev": true
        },
        "defined": {
          "version": "0.0.0",
          "resolved": "https://registry.npmjs.org/defined/-/defined-0.0.0.tgz",
          "integrity": "sha1-817qfXBekzuvE7LwOz+D2SFAOz4=",
          "dev": true
        },
        "glob": {
          "version": "3.2.11",
          "resolved": "https://registry.npmjs.org/glob/-/glob-3.2.11.tgz",
          "integrity": "sha1-Spc/Y1uRkPcV0QmH1cAP0oFevj0=",
          "dev": true,
          "requires": {
            "inherits": "2.0.1",
            "minimatch": "0.3.0"
          },
          "dependencies": {
            "minimatch": {
              "version": "0.3.0",
              "resolved": "https://registry.npmjs.org/minimatch/-/minimatch-0.3.0.tgz",
              "integrity": "sha1-J12O2qxPG7MyZHIInnlJyDlGmd0=",
              "dev": true,
              "requires": {
                "lru-cache": "2.6.4",
                "sigmund": "1.0.1"
              },
              "dependencies": {
                "lru-cache": {
                  "version": "2.6.4",
                  "resolved": "https://registry.npmjs.org/lru-cache/-/lru-cache-2.6.4.tgz",
                  "integrity": "sha1-JnUZDM0bBwHsL2UqTQ09QA12wN0=",
                  "dev": true
                },
                "sigmund": {
                  "version": "1.0.1",
                  "resolved": "https://registry.npmjs.org/sigmund/-/sigmund-1.0.1.tgz",
                  "integrity": "sha1-P/IfGYytIXX587eBhT/ZTQ0ZtZA=",
                  "dev": true
                }
              }
            }
          }
        },
        "inherits": {
          "version": "2.0.1",
          "resolved": "https://registry.npmjs.org/inherits/-/inherits-2.0.1.tgz",
          "integrity": "sha1-sX0I0ya0Qj5Wjv9xn5GwscvfafE=",
          "dev": true
        },
        "object-inspect": {
          "version": "0.4.0",
          "resolved": "https://registry.npmjs.org/object-inspect/-/object-inspect-0.4.0.tgz",
          "integrity": "sha1-9RV8EWwUVbJDsG7pdwM5LFrYn+w=",
          "dev": true
        },
        "resumer": {
          "version": "0.0.0",
          "resolved": "https://registry.npmjs.org/resumer/-/resumer-0.0.0.tgz",
          "integrity": "sha1-8ej0YeQGS6Oegq883CqMiT0HZ1k=",
          "dev": true,
          "requires": {
            "through": "2.3.7"
          }
        },
        "through": {
          "version": "2.3.7",
          "resolved": "https://registry.npmjs.org/through/-/through-2.3.7.tgz",
          "integrity": "sha1-X8w2kP7S/fmMb8iLTSB6RiSsO4c=",
          "dev": true
        }
      }
    },
    "typedarray-pool": {
      "version": "1.1.0",
      "resolved": "https://registry.npmjs.org/typedarray-pool/-/typedarray-pool-1.1.0.tgz",
      "integrity": "sha1-0RT0hIAUifU+yrXoCIqiMET0mNk=",
      "requires": {
        "bit-twiddle": "1.0.2",
        "dup": "1.0.0"
      }
    },
    "uniq": {
      "version": "1.0.1",
      "resolved": "https://registry.npmjs.org/uniq/-/uniq-1.0.1.tgz",
      "integrity": "sha1-sxxa6CVIRKOoKBVBzisEuGWnNP8=",
      "dev": true
    }
  }
}
